Microsoft Visual Studio Solution File, Format Version 12.00
# Visual Studio Version 16
VisualStudioVersion = 16.0.29911.84
MinimumVisualStudioVersion = 10.0.40219.1
Project("{2150E333-8FDC-42A3-9474-1A3956D46DE8}") = "Vision", "Vision", "{227D251E-A653-47FC-AAF3-60FE3AD17C89}"
EndProject
Project("{9A19103F-16F7-4668-BE54-9A1E7A4F7556}") = "InteropBitmaps.Backends.GDI", "src\InteropBitmaps.Backends.GDI\InteropBitmaps.Backends.GDI.csproj", "{B054109D-EE89-4D47-B454-59053223D0DE}"
EndProject
Project("{9A19103F-16F7-4668-BE54-9A1E7A4F7556}") = "InteropBitmaps.Backends.ImageSharp", "src\InteropBitmaps.Backends.ImageSharp\InteropBitmaps.Backends.ImageSharp.csproj", "{A8FC67C8-3E5C-482E-B038-70C837122DD7}"
EndProject
Project("{9A19103F-16F7-4668-BE54-9A1E7A4F7556}") = "InteropWith.OpenCvSharp4", "src\InteropBitmaps.Backends.OpenCvSharp4\InteropWith.OpenCvSharp4.csproj", "{14CED860-9374-4BA4-932A-B9AD55FCF996}"
EndProject
Project("{9A19103F-16F7-4668-BE54-9A1E7A4F7556}") = "InteropBitmaps.Core", "src\InteropBitmaps.Core\InteropBitmaps.Core.csproj", "{7B9679B8-183C-45B5-95BD-5851A1A28A97}"
EndProject
Project("{9A19103F-16F7-4668-BE54-9A1E7A4F7556}") = "InteropBitmaps.Backends.ZXing", "src\InteropBitmaps.Backends.ZXing\InteropBitmaps.Backends.ZXing.csproj", "{C7538BBF-8C64-4BCA-9BCA-DE67B7DC9B90}"
EndProject
Project("{9A19103F-16F7-4668-BE54-9A1E7A4F7556}") = "InteropWith.WPF", "src\InteropBitmaps.Backends.WPF\InteropWith.WPF.csproj", "{9120AFE7-EB78-4BDF-8427-229C89420B1A}"
EndProject
Project("{9A19103F-16F7-4668-BE54-9A1E7A4F7556}") = "InteropBitmaps.Backends.STB", "src\InteropBitmaps.Backends.STB\InteropBitmaps.Backends.STB.csproj", "{9CA81805-301D-4BDD-9E92-133C9C4EB203}"
EndProject
Project("{9A19103F-16F7-4668-BE54-9A1E7A4F7556}") = "InteropBitmaps.Backends.SkiaSharp", "src\InteropBitmaps.Backends.SkiaSharp\InteropBitmaps.Backends.SkiaSharp.csproj", "{D1B6A472-4873-40FD-BB8A-EBDE0851F07B}"
EndProject
Project("{2150E333-8FDC-42A3-9474-1A3956D46DE8}") = "tests", "tests", "{88681588-D801-4956-ACA7-ADE65AF158A7}"
EndProject
Project("{9A19103F-16F7-4668-BE54-9A1E7A4F7556}") = "InteropBitmaps.Tests", "tests\InteropBitmaps.Tests\InteropBitmaps.Tests.csproj", "{9C5BACF5-66B9-4F15-80AD-DF4CE139333E}"
EndProject
Project("{2150E333-8FDC-42A3-9474-1A3956D46DE8}") = "Backends", "Backends", "{329DAC85-E2C7-430F-9B8C-598298D0CFB8}"
EndProject
Project("{2150E333-8FDC-42A3-9474-1A3956D46DE8}") = "Solution Items", "Solution Items", "{17B219B6-2393-4D14-B532-F23C7EC56364}"
	ProjectSection(SolutionItems) = preProject
		src\build-preview.cmd = src\build-preview.cmd
		README.md = README.md
	EndProjectSection
EndProject
Project("{9A19103F-16F7-4668-BE54-9A1E7A4F7556}") = "InteropBitmaps.NUnit", "src\InteropBitmaps.NUnit\InteropBitmaps.NUnit.csproj", "{2D2FFE85-0690-43C4-883C-39C2BCDC3968}"
EndProject
Project("{9A19103F-16F7-4668-BE54-9A1E7A4F7556}") = "InteropBitmaps.Backends.FFmpeg.AutoGen", "src\InteropBitmaps.Backends.FFmpeg.AutoGen\InteropBitmaps.Backends.FFmpeg.AutoGen.csproj", "{29E95C5F-F272-4818-ACBF-7E0CB442796E}"
EndProject
Project("{9A19103F-16F7-4668-BE54-9A1E7A4F7556}") = "InteropBitmaps.Backends.FFMpegCore", "src\InteropBitmaps.Backends.FFMpegCore\InteropBitmaps.Backends.FFMpegCore.csproj", "{B422472F-8F74-460E-A39F-2E63E2A9C0BD}"
EndProject
Project("{9A19103F-16F7-4668-BE54-9A1E7A4F7556}") = "InteropTensors.Core", "src\InteropTensors.Core\InteropTensors.Core.csproj", "{028899A0-2B8F-4F31-A54F-3CE3A8F98987}"
EndProject
Project("{9A19103F-16F7-4668-BE54-9A1E7A4F7556}") = "InteropTensors.Tests", "tests\InteropTensors.Tests\InteropTensors.Tests.csproj", "{A53FBD64-B5ED-4DB1-A57D-19F037BEDF00}"
EndProject
Project("{9A19103F-16F7-4668-BE54-9A1E7A4F7556}") = "InteropDrawing.Extensions.Source", "src\InteropDrawing.Extensions.Source\InteropDrawing.Extensions.Source.csproj", "{7E86739E-14A4-4A90-AC28-FCE795566A90}"
EndProject
Project("{9A19103F-16F7-4668-BE54-9A1E7A4F7556}") = "InteropVision.Core", "src\InteropVision.Core\InteropVision.Core.csproj", "{A2291C06-5E31-43A1-805D-A0693B944221}"
EndProject
Project("{2150E333-8FDC-42A3-9474-1A3956D46DE8}") = "Bitmaps", "Bitmaps", "{F53F10B1-9FBF-486A-B27C-DDEF789AE0C1}"
EndProject
Project("{9A19103F-16F7-4668-BE54-9A1E7A4F7556}") = "InteropDrawing.Core", "src\InteropDrawing.Core\InteropDrawing.Core.csproj", "{24CDA8A3-12EB-473B-A546-A9315343E207}"
EndProject
Project("{2150E333-8FDC-42A3-9474-1A3956D46DE8}") = "Drawing", "Drawing", "{1B0945CE-4A72-4CB0-92FC-F0B648814095}"
EndProject
Project("{9A19103F-16F7-4668-BE54-9A1E7A4F7556}") = "InteropDrawing.Tests", "tests\InteropDrawing.Tests\InteropDrawing.Tests.csproj", "{C5CB5055-D2FF-4B6E-8368-847E3A991A42}"
EndProject
Project("{2150E333-8FDC-42A3-9474-1A3956D46DE8}") = "Backends", "Backends", "{2D022348-7707-4DB8-A5CD-469EA8ABBB5A}"
EndProject
Project("{9A19103F-16F7-4668-BE54-9A1E7A4F7556}") = "InteropDrawing.Backends.SVG", "src\InteropDrawing.Backends.SVG\InteropDrawing.Backends.SVG.csproj", "{F2363BC6-B5DB-4D16-850B-B561A03CC18B}"
EndProject
Project("{9A19103F-16F7-4668-BE54-9A1E7A4F7556}") = "InteropDrawing.Backends.GLTF", "src\InteropDrawing.Backends.GLTF\InteropDrawing.Backends.GLTF.csproj", "{B67426F4-ED6D-4F3D-A50D-E142DD985AEC}"
EndProject
Project("{9A19103F-16F7-4668-BE54-9A1E7A4F7556}") = "InteropDrawing.Backends.MonoGame", "src\InteropDrawing.Backends.MonoGame\InteropDrawing.Backends.MonoGame.csproj", "{6DA6AAE3-0896-4188-9036-23EFB4E2EE22}"
EndProject
Project("{9A19103F-16F7-4668-BE54-9A1E7A4F7556}") = "InteropWith.MonoGame.Demo.App", "tests\InteropDrawing.MonoGame.Demo\InteropWith.MonoGame.Demo.App.csproj", "{6D8D03AB-2DDB-4A22-9591-07001CC40645}"
EndProject
Project("{2150E333-8FDC-42A3-9474-1A3956D46DE8}") = "Source", "Source", "{3CEF3DF0-92F3-43E7-84ED-A145547996B6}"
EndProject
Project("{9A19103F-16F7-4668-BE54-9A1E7A4F7556}") = "Interop.MathF.Source", "src\Interop.MathF.Source\Interop.MathF.Source.csproj", "{4A3C9567-FA1D-4787-A9BD-A8691248490F}"
EndProject
Project("{9A19103F-16F7-4668-BE54-9A1E7A4F7556}") = "Interop.MathF.Source.Tests", "tests\Interop.MathF.Source.Tests\Interop.MathF.Source.Tests.csproj", "{5F316E96-DBC1-424A-87C7-B4DE18237289}"
EndProject
Project("{9A19103F-16F7-4668-BE54-9A1E7A4F7556}") = "InteropBitmaps.Drawing", "src\InteropBitmaps.Drawing\InteropBitmaps.Drawing.csproj", "{B6EACF05-2A76-472D-9EE9-A906C70DEB8D}"
EndProject
Project("{9A19103F-16F7-4668-BE54-9A1E7A4F7556}") = "InteropVision.With.ZXing", "src\InteropVision.With.ZXing\InteropVision.With.ZXing.csproj", "{55D490C8-4CAD-4034-9178-D8C779072A37}"
EndProject
Project("{9A19103F-16F7-4668-BE54-9A1E7A4F7556}") = "InteropDrawing.Backends.Plotly", "src\InteropDrawing.Backends.Plotly\InteropDrawing.Backends.Plotly.csproj", "{3C34B3B5-C92E-45B0-A3DE-26A72FC2EC35}"
EndProject
Project("{9A19103F-16F7-4668-BE54-9A1E7A4F7556}") = "InteropBitmaps.Backends.Android", "src\InteropBitmaps.Backends.Android\InteropBitmaps.Backends.Android.csproj", "{A8C9FC2F-2624-4AFE-AE0E-434A2B965430}"
EndProject
Project("{FAE04EC0-301F-11D3-BF4B-00C04F79EFBC}") = "InteropTypes.Droid.Tests", "tests\InteropTypes.Droid.Tests\InteropTypes.Droid.Tests.csproj", "{AD7B78B0-AE51-4FB7-9B11-4E22A2B538CA}"
EndProject
Project("{9A19103F-16F7-4668-BE54-9A1E7A4F7556}") = "InteropVision.Tests", "tests\InteropVision.Tests\InteropVision.Tests.csproj", "{AC53DF1D-7081-4269-947B-4D0150E22609}"
EndProject
Project("{2150E333-8FDC-42A3-9474-1A3956D46DE8}") = "Backends", "Backends", "{8BAB1140-2A9B-450A-8B38-A1203E72F060}"
EndProject
Project("{9A19103F-16F7-4668-BE54-9A1E7A4F7556}") = "InteropBitmaps.Backends.VideoLAN", "src\InteropBitmaps.Backends.VideoLAN\InteropBitmaps.Backends.VideoLAN.csproj", "{20F71865-1AEC-4B69-8C7C-F32086ECD946}"
EndProject
Project("{9A19103F-16F7-4668-BE54-9A1E7A4F7556}") = "InteropWith.Veldrid", "src\InteropWith.Veldrid\InteropWith.Veldrid.csproj", "{F7B1B478-9F05-497A-A67F-9CAD2AB01E68}"
EndProject
Project("{9A19103F-16F7-4668-BE54-9A1E7A4F7556}") = "InteropWith.Veldrid.Demo.App", "tests\InteropWith.Veldrid.Demo\InteropWith.Veldrid.Demo.App.csproj", "{7D4D8596-946E-4D9C-B2D8-072AD4DA73C1}"
EndProject
Project("{9A19103F-16F7-4668-BE54-9A1E7A4F7556}") = "InteropWith.MAUI", "src\InteropWith.MAUI\InteropWith.MAUI.csproj", "{67B6E0E1-9A29-4EF4-B288-151C794FF9B5}"
EndProject
Project("{9A19103F-16F7-4668-BE54-9A1E7A4F7556}") = "InteropWith.Veldrid.ShaderGen", "src\InteropWith.Veldrid.ShaderGen\InteropWith.Veldrid.ShaderGen.csproj", "{17D87DA1-D7CD-41BD-A8B4-49A392BE01D4}"
EndProject
Project("{9A19103F-16F7-4668-BE54-9A1E7A4F7556}") = "InteropWith.OnnxRuntime", "src\InteropWith.OnnxRuntime\InteropWith.OnnxRuntime.csproj", "{4D350D45-1AEA-4398-9A65-D47094A733ED}"
EndProject
Global
	GlobalSection(SolutionConfigurationPlatforms) = preSolution
		Debug|Any CPU = Debug|Any CPU
		Debug|x64 = Debug|x64
		Release|Any CPU = Release|Any CPU
		Release|x64 = Release|x64
	EndGlobalSection
	GlobalSection(ProjectConfigurationPlatforms) = postSolution
		{B054109D-EE89-4D47-B454-59053223D0DE}.Debug|Any CPU.ActiveCfg = Debug|Any CPU
		{B054109D-EE89-4D47-B454-59053223D0DE}.Debug|Any CPU.Build.0 = Debug|Any CPU
		{B054109D-EE89-4D47-B454-59053223D0DE}.Debug|x64.ActiveCfg = Debug|Any CPU
		{B054109D-EE89-4D47-B454-59053223D0DE}.Debug|x64.Build.0 = Debug|Any CPU
		{B054109D-EE89-4D47-B454-59053223D0DE}.Release|Any CPU.ActiveCfg = Release|Any CPU
		{B054109D-EE89-4D47-B454-59053223D0DE}.Release|Any CPU.Build.0 = Release|Any CPU
		{B054109D-EE89-4D47-B454-59053223D0DE}.Release|x64.ActiveCfg = Release|Any CPU
		{B054109D-EE89-4D47-B454-59053223D0DE}.Release|x64.Build.0 = Release|Any CPU
		{A8FC67C8-3E5C-482E-B038-70C837122DD7}.Debug|Any CPU.ActiveCfg = Debug|Any CPU
		{A8FC67C8-3E5C-482E-B038-70C837122DD7}.Debug|Any CPU.Build.0 = Debug|Any CPU
		{A8FC67C8-3E5C-482E-B038-70C837122DD7}.Debug|x64.ActiveCfg = Debug|Any CPU
		{A8FC67C8-3E5C-482E-B038-70C837122DD7}.Debug|x64.Build.0 = Debug|Any CPU
		{A8FC67C8-3E5C-482E-B038-70C837122DD7}.Release|Any CPU.ActiveCfg = Release|Any CPU
		{A8FC67C8-3E5C-482E-B038-70C837122DD7}.Release|Any CPU.Build.0 = Release|Any CPU
		{A8FC67C8-3E5C-482E-B038-70C837122DD7}.Release|x64.ActiveCfg = Release|Any CPU
		{A8FC67C8-3E5C-482E-B038-70C837122DD7}.Release|x64.Build.0 = Release|Any CPU
		{14CED860-9374-4BA4-932A-B9AD55FCF996}.Debug|Any CPU.ActiveCfg = Debug|Any CPU
		{14CED860-9374-4BA4-932A-B9AD55FCF996}.Debug|Any CPU.Build.0 = Debug|Any CPU
		{14CED860-9374-4BA4-932A-B9AD55FCF996}.Debug|x64.ActiveCfg = Debug|Any CPU
		{14CED860-9374-4BA4-932A-B9AD55FCF996}.Debug|x64.Build.0 = Debug|Any CPU
		{14CED860-9374-4BA4-932A-B9AD55FCF996}.Release|Any CPU.ActiveCfg = Release|Any CPU
		{14CED860-9374-4BA4-932A-B9AD55FCF996}.Release|Any CPU.Build.0 = Release|Any CPU
		{14CED860-9374-4BA4-932A-B9AD55FCF996}.Release|x64.ActiveCfg = Release|Any CPU
		{14CED860-9374-4BA4-932A-B9AD55FCF996}.Release|x64.Build.0 = Release|Any CPU
		{7B9679B8-183C-45B5-95BD-5851A1A28A97}.Debug|Any CPU.ActiveCfg = Debug|Any CPU
		{7B9679B8-183C-45B5-95BD-5851A1A28A97}.Debug|Any CPU.Build.0 = Debug|Any CPU
		{7B9679B8-183C-45B5-95BD-5851A1A28A97}.Debug|x64.ActiveCfg = Debug|Any CPU
		{7B9679B8-183C-45B5-95BD-5851A1A28A97}.Debug|x64.Build.0 = Debug|Any CPU
		{7B9679B8-183C-45B5-95BD-5851A1A28A97}.Release|Any CPU.ActiveCfg = Release|Any CPU
		{7B9679B8-183C-45B5-95BD-5851A1A28A97}.Release|Any CPU.Build.0 = Release|Any CPU
		{7B9679B8-183C-45B5-95BD-5851A1A28A97}.Release|x64.ActiveCfg = Release|Any CPU
		{7B9679B8-183C-45B5-95BD-5851A1A28A97}.Release|x64.Build.0 = Release|Any CPU
		{C7538BBF-8C64-4BCA-9BCA-DE67B7DC9B90}.Debug|Any CPU.ActiveCfg = Debug|Any CPU
		{C7538BBF-8C64-4BCA-9BCA-DE67B7DC9B90}.Debug|Any CPU.Build.0 = Debug|Any CPU
		{C7538BBF-8C64-4BCA-9BCA-DE67B7DC9B90}.Debug|x64.ActiveCfg = Debug|Any CPU
		{C7538BBF-8C64-4BCA-9BCA-DE67B7DC9B90}.Debug|x64.Build.0 = Debug|Any CPU
		{C7538BBF-8C64-4BCA-9BCA-DE67B7DC9B90}.Release|Any CPU.ActiveCfg = Release|Any CPU
		{C7538BBF-8C64-4BCA-9BCA-DE67B7DC9B90}.Release|Any CPU.Build.0 = Release|Any CPU
		{C7538BBF-8C64-4BCA-9BCA-DE67B7DC9B90}.Release|x64.ActiveCfg = Release|Any CPU
		{C7538BBF-8C64-4BCA-9BCA-DE67B7DC9B90}.Release|x64.Build.0 = Release|Any CPU
		{9120AFE7-EB78-4BDF-8427-229C89420B1A}.Debug|Any CPU.ActiveCfg = Debug|Any CPU
		{9120AFE7-EB78-4BDF-8427-229C89420B1A}.Debug|Any CPU.Build.0 = Debug|Any CPU
		{9120AFE7-EB78-4BDF-8427-229C89420B1A}.Debug|x64.ActiveCfg = Debug|Any CPU
		{9120AFE7-EB78-4BDF-8427-229C89420B1A}.Debug|x64.Build.0 = Debug|Any CPU
		{9120AFE7-EB78-4BDF-8427-229C89420B1A}.Release|Any CPU.ActiveCfg = Release|Any CPU
		{9120AFE7-EB78-4BDF-8427-229C89420B1A}.Release|Any CPU.Build.0 = Release|Any CPU
		{9120AFE7-EB78-4BDF-8427-229C89420B1A}.Release|x64.ActiveCfg = Release|Any CPU
		{9120AFE7-EB78-4BDF-8427-229C89420B1A}.Release|x64.Build.0 = Release|Any CPU
		{9CA81805-301D-4BDD-9E92-133C9C4EB203}.Debug|Any CPU.ActiveCfg = Debug|Any CPU
		{9CA81805-301D-4BDD-9E92-133C9C4EB203}.Debug|Any CPU.Build.0 = Debug|Any CPU
		{9CA81805-301D-4BDD-9E92-133C9C4EB203}.Debug|x64.ActiveCfg = Debug|Any CPU
		{9CA81805-301D-4BDD-9E92-133C9C4EB203}.Debug|x64.Build.0 = Debug|Any CPU
		{9CA81805-301D-4BDD-9E92-133C9C4EB203}.Release|Any CPU.ActiveCfg = Release|Any CPU
		{9CA81805-301D-4BDD-9E92-133C9C4EB203}.Release|Any CPU.Build.0 = Release|Any CPU
		{9CA81805-301D-4BDD-9E92-133C9C4EB203}.Release|x64.ActiveCfg = Release|Any CPU
		{9CA81805-301D-4BDD-9E92-133C9C4EB203}.Release|x64.Build.0 = Release|Any CPU
		{D1B6A472-4873-40FD-BB8A-EBDE0851F07B}.Debug|Any CPU.ActiveCfg = Debug|Any CPU
		{D1B6A472-4873-40FD-BB8A-EBDE0851F07B}.Debug|Any CPU.Build.0 = Debug|Any CPU
		{D1B6A472-4873-40FD-BB8A-EBDE0851F07B}.Debug|x64.ActiveCfg = Debug|Any CPU
		{D1B6A472-4873-40FD-BB8A-EBDE0851F07B}.Debug|x64.Build.0 = Debug|Any CPU
		{D1B6A472-4873-40FD-BB8A-EBDE0851F07B}.Release|Any CPU.ActiveCfg = Release|Any CPU
		{D1B6A472-4873-40FD-BB8A-EBDE0851F07B}.Release|Any CPU.Build.0 = Release|Any CPU
		{D1B6A472-4873-40FD-BB8A-EBDE0851F07B}.Release|x64.ActiveCfg = Release|Any CPU
		{D1B6A472-4873-40FD-BB8A-EBDE0851F07B}.Release|x64.Build.0 = Release|Any CPU
		{9C5BACF5-66B9-4F15-80AD-DF4CE139333E}.Debug|Any CPU.ActiveCfg = Debug|Any CPU
		{9C5BACF5-66B9-4F15-80AD-DF4CE139333E}.Debug|Any CPU.Build.0 = Debug|Any CPU
		{9C5BACF5-66B9-4F15-80AD-DF4CE139333E}.Debug|x64.ActiveCfg = Debug|Any CPU
		{9C5BACF5-66B9-4F15-80AD-DF4CE139333E}.Debug|x64.Build.0 = Debug|Any CPU
		{9C5BACF5-66B9-4F15-80AD-DF4CE139333E}.Release|Any CPU.ActiveCfg = Release|Any CPU
		{9C5BACF5-66B9-4F15-80AD-DF4CE139333E}.Release|Any CPU.Build.0 = Release|Any CPU
		{9C5BACF5-66B9-4F15-80AD-DF4CE139333E}.Release|x64.ActiveCfg = Release|Any CPU
		{9C5BACF5-66B9-4F15-80AD-DF4CE139333E}.Release|x64.Build.0 = Release|Any CPU
		{2D2FFE85-0690-43C4-883C-39C2BCDC3968}.Debug|Any CPU.ActiveCfg = Debug|Any CPU
		{2D2FFE85-0690-43C4-883C-39C2BCDC3968}.Debug|Any CPU.Build.0 = Debug|Any CPU
		{2D2FFE85-0690-43C4-883C-39C2BCDC3968}.Debug|x64.ActiveCfg = Debug|Any CPU
		{2D2FFE85-0690-43C4-883C-39C2BCDC3968}.Debug|x64.Build.0 = Debug|Any CPU
		{2D2FFE85-0690-43C4-883C-39C2BCDC3968}.Release|Any CPU.ActiveCfg = Release|Any CPU
		{2D2FFE85-0690-43C4-883C-39C2BCDC3968}.Release|Any CPU.Build.0 = Release|Any CPU
		{2D2FFE85-0690-43C4-883C-39C2BCDC3968}.Release|x64.ActiveCfg = Release|Any CPU
		{2D2FFE85-0690-43C4-883C-39C2BCDC3968}.Release|x64.Build.0 = Release|Any CPU
		{29E95C5F-F272-4818-ACBF-7E0CB442796E}.Debug|Any CPU.ActiveCfg = Debug|Any CPU
		{29E95C5F-F272-4818-ACBF-7E0CB442796E}.Debug|Any CPU.Build.0 = Debug|Any CPU
		{29E95C5F-F272-4818-ACBF-7E0CB442796E}.Debug|x64.ActiveCfg = Debug|Any CPU
		{29E95C5F-F272-4818-ACBF-7E0CB442796E}.Debug|x64.Build.0 = Debug|Any CPU
		{29E95C5F-F272-4818-ACBF-7E0CB442796E}.Release|Any CPU.ActiveCfg = Release|Any CPU
		{29E95C5F-F272-4818-ACBF-7E0CB442796E}.Release|Any CPU.Build.0 = Release|Any CPU
		{29E95C5F-F272-4818-ACBF-7E0CB442796E}.Release|x64.ActiveCfg = Release|Any CPU
		{29E95C5F-F272-4818-ACBF-7E0CB442796E}.Release|x64.Build.0 = Release|Any CPU
		{B422472F-8F74-460E-A39F-2E63E2A9C0BD}.Debug|Any CPU.ActiveCfg = Debug|Any CPU
		{B422472F-8F74-460E-A39F-2E63E2A9C0BD}.Debug|Any CPU.Build.0 = Debug|Any CPU
		{B422472F-8F74-460E-A39F-2E63E2A9C0BD}.Debug|x64.ActiveCfg = Debug|Any CPU
		{B422472F-8F74-460E-A39F-2E63E2A9C0BD}.Debug|x64.Build.0 = Debug|Any CPU
		{B422472F-8F74-460E-A39F-2E63E2A9C0BD}.Release|Any CPU.ActiveCfg = Release|Any CPU
		{B422472F-8F74-460E-A39F-2E63E2A9C0BD}.Release|Any CPU.Build.0 = Release|Any CPU
		{B422472F-8F74-460E-A39F-2E63E2A9C0BD}.Release|x64.ActiveCfg = Release|Any CPU
		{B422472F-8F74-460E-A39F-2E63E2A9C0BD}.Release|x64.Build.0 = Release|Any CPU
		{028899A0-2B8F-4F31-A54F-3CE3A8F98987}.Debug|Any CPU.ActiveCfg = Debug|Any CPU
		{028899A0-2B8F-4F31-A54F-3CE3A8F98987}.Debug|Any CPU.Build.0 = Debug|Any CPU
		{028899A0-2B8F-4F31-A54F-3CE3A8F98987}.Debug|x64.ActiveCfg = Debug|Any CPU
		{028899A0-2B8F-4F31-A54F-3CE3A8F98987}.Debug|x64.Build.0 = Debug|Any CPU
		{028899A0-2B8F-4F31-A54F-3CE3A8F98987}.Release|Any CPU.ActiveCfg = Release|Any CPU
		{028899A0-2B8F-4F31-A54F-3CE3A8F98987}.Release|Any CPU.Build.0 = Release|Any CPU
		{028899A0-2B8F-4F31-A54F-3CE3A8F98987}.Release|x64.ActiveCfg = Release|x64
		{028899A0-2B8F-4F31-A54F-3CE3A8F98987}.Release|x64.Build.0 = Release|x64
		{A53FBD64-B5ED-4DB1-A57D-19F037BEDF00}.Debug|Any CPU.ActiveCfg = Debug|Any CPU
		{A53FBD64-B5ED-4DB1-A57D-19F037BEDF00}.Debug|Any CPU.Build.0 = Debug|Any CPU
		{A53FBD64-B5ED-4DB1-A57D-19F037BEDF00}.Debug|x64.ActiveCfg = Debug|Any CPU
		{A53FBD64-B5ED-4DB1-A57D-19F037BEDF00}.Debug|x64.Build.0 = Debug|Any CPU
		{A53FBD64-B5ED-4DB1-A57D-19F037BEDF00}.Release|Any CPU.ActiveCfg = Release|Any CPU
		{A53FBD64-B5ED-4DB1-A57D-19F037BEDF00}.Release|Any CPU.Build.0 = Release|Any CPU
		{A53FBD64-B5ED-4DB1-A57D-19F037BEDF00}.Release|x64.ActiveCfg = Release|x64
		{A53FBD64-B5ED-4DB1-A57D-19F037BEDF00}.Release|x64.Build.0 = Release|x64
		{7E86739E-14A4-4A90-AC28-FCE795566A90}.Debug|Any CPU.ActiveCfg = Debug|Any CPU
		{7E86739E-14A4-4A90-AC28-FCE795566A90}.Debug|Any CPU.Build.0 = Debug|Any CPU
		{7E86739E-14A4-4A90-AC28-FCE795566A90}.Debug|x64.ActiveCfg = Debug|Any CPU
		{7E86739E-14A4-4A90-AC28-FCE795566A90}.Debug|x64.Build.0 = Debug|Any CPU
		{7E86739E-14A4-4A90-AC28-FCE795566A90}.Release|Any CPU.ActiveCfg = Release|Any CPU
		{7E86739E-14A4-4A90-AC28-FCE795566A90}.Release|Any CPU.Build.0 = Release|Any CPU
		{7E86739E-14A4-4A90-AC28-FCE795566A90}.Release|x64.ActiveCfg = Release|Any CPU
		{7E86739E-14A4-4A90-AC28-FCE795566A90}.Release|x64.Build.0 = Release|Any CPU
		{A2291C06-5E31-43A1-805D-A0693B944221}.Debug|Any CPU.ActiveCfg = Debug|Any CPU
		{A2291C06-5E31-43A1-805D-A0693B944221}.Debug|Any CPU.Build.0 = Debug|Any CPU
		{A2291C06-5E31-43A1-805D-A0693B944221}.Debug|x64.ActiveCfg = Debug|Any CPU
		{A2291C06-5E31-43A1-805D-A0693B944221}.Debug|x64.Build.0 = Debug|Any CPU
		{A2291C06-5E31-43A1-805D-A0693B944221}.Release|Any CPU.ActiveCfg = Release|Any CPU
		{A2291C06-5E31-43A1-805D-A0693B944221}.Release|Any CPU.Build.0 = Release|Any CPU
		{A2291C06-5E31-43A1-805D-A0693B944221}.Release|x64.ActiveCfg = Release|x64
		{A2291C06-5E31-43A1-805D-A0693B944221}.Release|x64.Build.0 = Release|x64
		{24CDA8A3-12EB-473B-A546-A9315343E207}.Debug|Any CPU.ActiveCfg = Debug|Any CPU
		{24CDA8A3-12EB-473B-A546-A9315343E207}.Debug|Any CPU.Build.0 = Debug|Any CPU
		{24CDA8A3-12EB-473B-A546-A9315343E207}.Debug|x64.ActiveCfg = Debug|Any CPU
		{24CDA8A3-12EB-473B-A546-A9315343E207}.Debug|x64.Build.0 = Debug|Any CPU
		{24CDA8A3-12EB-473B-A546-A9315343E207}.Release|Any CPU.ActiveCfg = Release|Any CPU
		{24CDA8A3-12EB-473B-A546-A9315343E207}.Release|Any CPU.Build.0 = Release|Any CPU
		{24CDA8A3-12EB-473B-A546-A9315343E207}.Release|x64.ActiveCfg = Release|Any CPU
		{24CDA8A3-12EB-473B-A546-A9315343E207}.Release|x64.Build.0 = Release|Any CPU
		{C5CB5055-D2FF-4B6E-8368-847E3A991A42}.Debug|Any CPU.ActiveCfg = Debug|Any CPU
		{C5CB5055-D2FF-4B6E-8368-847E3A991A42}.Debug|Any CPU.Build.0 = Debug|Any CPU
		{C5CB5055-D2FF-4B6E-8368-847E3A991A42}.Debug|x64.ActiveCfg = Debug|Any CPU
		{C5CB5055-D2FF-4B6E-8368-847E3A991A42}.Debug|x64.Build.0 = Debug|Any CPU
		{C5CB5055-D2FF-4B6E-8368-847E3A991A42}.Release|Any CPU.ActiveCfg = Release|Any CPU
		{C5CB5055-D2FF-4B6E-8368-847E3A991A42}.Release|Any CPU.Build.0 = Release|Any CPU
		{C5CB5055-D2FF-4B6E-8368-847E3A991A42}.Release|x64.ActiveCfg = Release|Any CPU
		{C5CB5055-D2FF-4B6E-8368-847E3A991A42}.Release|x64.Build.0 = Release|Any CPU
		{F2363BC6-B5DB-4D16-850B-B561A03CC18B}.Debug|Any CPU.ActiveCfg = Debug|Any CPU
		{F2363BC6-B5DB-4D16-850B-B561A03CC18B}.Debug|Any CPU.Build.0 = Debug|Any CPU
		{F2363BC6-B5DB-4D16-850B-B561A03CC18B}.Debug|x64.ActiveCfg = Debug|Any CPU
		{F2363BC6-B5DB-4D16-850B-B561A03CC18B}.Debug|x64.Build.0 = Debug|Any CPU
		{F2363BC6-B5DB-4D16-850B-B561A03CC18B}.Release|Any CPU.ActiveCfg = Release|Any CPU
		{F2363BC6-B5DB-4D16-850B-B561A03CC18B}.Release|Any CPU.Build.0 = Release|Any CPU
		{F2363BC6-B5DB-4D16-850B-B561A03CC18B}.Release|x64.ActiveCfg = Release|Any CPU
		{F2363BC6-B5DB-4D16-850B-B561A03CC18B}.Release|x64.Build.0 = Release|Any CPU
		{B67426F4-ED6D-4F3D-A50D-E142DD985AEC}.Debug|Any CPU.ActiveCfg = Debug|Any CPU
		{B67426F4-ED6D-4F3D-A50D-E142DD985AEC}.Debug|Any CPU.Build.0 = Debug|Any CPU
		{B67426F4-ED6D-4F3D-A50D-E142DD985AEC}.Debug|x64.ActiveCfg = Debug|Any CPU
		{B67426F4-ED6D-4F3D-A50D-E142DD985AEC}.Debug|x64.Build.0 = Debug|Any CPU
		{B67426F4-ED6D-4F3D-A50D-E142DD985AEC}.Release|Any CPU.ActiveCfg = Release|Any CPU
		{B67426F4-ED6D-4F3D-A50D-E142DD985AEC}.Release|Any CPU.Build.0 = Release|Any CPU
		{B67426F4-ED6D-4F3D-A50D-E142DD985AEC}.Release|x64.ActiveCfg = Release|Any CPU
		{B67426F4-ED6D-4F3D-A50D-E142DD985AEC}.Release|x64.Build.0 = Release|Any CPU
		{6DA6AAE3-0896-4188-9036-23EFB4E2EE22}.Debug|Any CPU.ActiveCfg = Debug|Any CPU
		{6DA6AAE3-0896-4188-9036-23EFB4E2EE22}.Debug|Any CPU.Build.0 = Debug|Any CPU
		{6DA6AAE3-0896-4188-9036-23EFB4E2EE22}.Debug|x64.ActiveCfg = Debug|Any CPU
		{6DA6AAE3-0896-4188-9036-23EFB4E2EE22}.Debug|x64.Build.0 = Debug|Any CPU
		{6DA6AAE3-0896-4188-9036-23EFB4E2EE22}.Release|Any CPU.ActiveCfg = Release|Any CPU
		{6DA6AAE3-0896-4188-9036-23EFB4E2EE22}.Release|Any CPU.Build.0 = Release|Any CPU
		{6DA6AAE3-0896-4188-9036-23EFB4E2EE22}.Release|x64.ActiveCfg = Release|Any CPU
		{6DA6AAE3-0896-4188-9036-23EFB4E2EE22}.Release|x64.Build.0 = Release|Any CPU
		{6D8D03AB-2DDB-4A22-9591-07001CC40645}.Debug|Any CPU.ActiveCfg = Debug|Any CPU
		{6D8D03AB-2DDB-4A22-9591-07001CC40645}.Debug|Any CPU.Build.0 = Debug|Any CPU
		{6D8D03AB-2DDB-4A22-9591-07001CC40645}.Debug|x64.ActiveCfg = Debug|Any CPU
		{6D8D03AB-2DDB-4A22-9591-07001CC40645}.Debug|x64.Build.0 = Debug|Any CPU
		{6D8D03AB-2DDB-4A22-9591-07001CC40645}.Release|Any CPU.ActiveCfg = Release|Any CPU
		{6D8D03AB-2DDB-4A22-9591-07001CC40645}.Release|Any CPU.Build.0 = Release|Any CPU
		{6D8D03AB-2DDB-4A22-9591-07001CC40645}.Release|x64.ActiveCfg = Release|Any CPU
		{6D8D03AB-2DDB-4A22-9591-07001CC40645}.Release|x64.Build.0 = Release|Any CPU
		{4A3C9567-FA1D-4787-A9BD-A8691248490F}.Debug|Any CPU.ActiveCfg = Debug|Any CPU
		{4A3C9567-FA1D-4787-A9BD-A8691248490F}.Debug|Any CPU.Build.0 = Debug|Any CPU
		{4A3C9567-FA1D-4787-A9BD-A8691248490F}.Debug|x64.ActiveCfg = Debug|Any CPU
		{4A3C9567-FA1D-4787-A9BD-A8691248490F}.Debug|x64.Build.0 = Debug|Any CPU
		{4A3C9567-FA1D-4787-A9BD-A8691248490F}.Release|Any CPU.ActiveCfg = Release|Any CPU
		{4A3C9567-FA1D-4787-A9BD-A8691248490F}.Release|Any CPU.Build.0 = Release|Any CPU
		{4A3C9567-FA1D-4787-A9BD-A8691248490F}.Release|x64.ActiveCfg = Release|Any CPU
		{4A3C9567-FA1D-4787-A9BD-A8691248490F}.Release|x64.Build.0 = Release|Any CPU
		{5F316E96-DBC1-424A-87C7-B4DE18237289}.Debug|Any CPU.ActiveCfg = Debug|Any CPU
		{5F316E96-DBC1-424A-87C7-B4DE18237289}.Debug|Any CPU.Build.0 = Debug|Any CPU
		{5F316E96-DBC1-424A-87C7-B4DE18237289}.Debug|x64.ActiveCfg = Debug|Any CPU
		{5F316E96-DBC1-424A-87C7-B4DE18237289}.Debug|x64.Build.0 = Debug|Any CPU
		{5F316E96-DBC1-424A-87C7-B4DE18237289}.Release|Any CPU.ActiveCfg = Release|Any CPU
		{5F316E96-DBC1-424A-87C7-B4DE18237289}.Release|Any CPU.Build.0 = Release|Any CPU
		{5F316E96-DBC1-424A-87C7-B4DE18237289}.Release|x64.ActiveCfg = Release|Any CPU
		{5F316E96-DBC1-424A-87C7-B4DE18237289}.Release|x64.Build.0 = Release|Any CPU
		{B6EACF05-2A76-472D-9EE9-A906C70DEB8D}.Debug|Any CPU.ActiveCfg = Debug|Any CPU
		{B6EACF05-2A76-472D-9EE9-A906C70DEB8D}.Debug|Any CPU.Build.0 = Debug|Any CPU
		{B6EACF05-2A76-472D-9EE9-A906C70DEB8D}.Debug|x64.ActiveCfg = Debug|Any CPU
		{B6EACF05-2A76-472D-9EE9-A906C70DEB8D}.Debug|x64.Build.0 = Debug|Any CPU
		{B6EACF05-2A76-472D-9EE9-A906C70DEB8D}.Release|Any CPU.ActiveCfg = Release|Any CPU
		{B6EACF05-2A76-472D-9EE9-A906C70DEB8D}.Release|Any CPU.Build.0 = Release|Any CPU
		{B6EACF05-2A76-472D-9EE9-A906C70DEB8D}.Release|x64.ActiveCfg = Release|Any CPU
		{B6EACF05-2A76-472D-9EE9-A906C70DEB8D}.Release|x64.Build.0 = Release|Any CPU
		{55D490C8-4CAD-4034-9178-D8C779072A37}.Debug|Any CPU.ActiveCfg = Debug|Any CPU
		{55D490C8-4CAD-4034-9178-D8C779072A37}.Debug|Any CPU.Build.0 = Debug|Any CPU
		{55D490C8-4CAD-4034-9178-D8C779072A37}.Debug|x64.ActiveCfg = Debug|Any CPU
		{55D490C8-4CAD-4034-9178-D8C779072A37}.Debug|x64.Build.0 = Debug|Any CPU
		{55D490C8-4CAD-4034-9178-D8C779072A37}.Release|Any CPU.ActiveCfg = Release|Any CPU
		{55D490C8-4CAD-4034-9178-D8C779072A37}.Release|Any CPU.Build.0 = Release|Any CPU
		{55D490C8-4CAD-4034-9178-D8C779072A37}.Release|x64.ActiveCfg = Release|Any CPU
		{55D490C8-4CAD-4034-9178-D8C779072A37}.Release|x64.Build.0 = Release|Any CPU
		{3C34B3B5-C92E-45B0-A3DE-26A72FC2EC35}.Debug|Any CPU.ActiveCfg = Debug|Any CPU
		{3C34B3B5-C92E-45B0-A3DE-26A72FC2EC35}.Debug|Any CPU.Build.0 = Debug|Any CPU
		{3C34B3B5-C92E-45B0-A3DE-26A72FC2EC35}.Debug|x64.ActiveCfg = Debug|Any CPU
		{3C34B3B5-C92E-45B0-A3DE-26A72FC2EC35}.Debug|x64.Build.0 = Debug|Any CPU
		{3C34B3B5-C92E-45B0-A3DE-26A72FC2EC35}.Release|Any CPU.ActiveCfg = Release|Any CPU
		{3C34B3B5-C92E-45B0-A3DE-26A72FC2EC35}.Release|Any CPU.Build.0 = Release|Any CPU
		{3C34B3B5-C92E-45B0-A3DE-26A72FC2EC35}.Release|x64.ActiveCfg = Release|Any CPU
		{3C34B3B5-C92E-45B0-A3DE-26A72FC2EC35}.Release|x64.Build.0 = Release|Any CPU
		{A8C9FC2F-2624-4AFE-AE0E-434A2B965430}.Debug|Any CPU.ActiveCfg = Debug|Any CPU
		{A8C9FC2F-2624-4AFE-AE0E-434A2B965430}.Debug|Any CPU.Build.0 = Debug|Any CPU
		{A8C9FC2F-2624-4AFE-AE0E-434A2B965430}.Debug|x64.ActiveCfg = Debug|Any CPU
		{A8C9FC2F-2624-4AFE-AE0E-434A2B965430}.Debug|x64.Build.0 = Debug|Any CPU
		{A8C9FC2F-2624-4AFE-AE0E-434A2B965430}.Release|Any CPU.ActiveCfg = Release|Any CPU
		{A8C9FC2F-2624-4AFE-AE0E-434A2B965430}.Release|Any CPU.Build.0 = Release|Any CPU
		{A8C9FC2F-2624-4AFE-AE0E-434A2B965430}.Release|x64.ActiveCfg = Release|Any CPU
		{A8C9FC2F-2624-4AFE-AE0E-434A2B965430}.Release|x64.Build.0 = Release|Any CPU
		{AD7B78B0-AE51-4FB7-9B11-4E22A2B538CA}.Debug|Any CPU.ActiveCfg = Debug|Any CPU
		{AD7B78B0-AE51-4FB7-9B11-4E22A2B538CA}.Debug|Any CPU.Build.0 = Debug|Any CPU
		{AD7B78B0-AE51-4FB7-9B11-4E22A2B538CA}.Debug|Any CPU.Deploy.0 = Debug|Any CPU
		{AD7B78B0-AE51-4FB7-9B11-4E22A2B538CA}.Debug|x64.ActiveCfg = Debug|Any CPU
		{AD7B78B0-AE51-4FB7-9B11-4E22A2B538CA}.Debug|x64.Build.0 = Debug|Any CPU
		{AD7B78B0-AE51-4FB7-9B11-4E22A2B538CA}.Debug|x64.Deploy.0 = Debug|Any CPU
		{AD7B78B0-AE51-4FB7-9B11-4E22A2B538CA}.Release|Any CPU.ActiveCfg = Release|Any CPU
		{AD7B78B0-AE51-4FB7-9B11-4E22A2B538CA}.Release|Any CPU.Build.0 = Release|Any CPU
		{AD7B78B0-AE51-4FB7-9B11-4E22A2B538CA}.Release|Any CPU.Deploy.0 = Release|Any CPU
		{AD7B78B0-AE51-4FB7-9B11-4E22A2B538CA}.Release|x64.ActiveCfg = Release|Any CPU
		{AD7B78B0-AE51-4FB7-9B11-4E22A2B538CA}.Release|x64.Build.0 = Release|Any CPU
		{AD7B78B0-AE51-4FB7-9B11-4E22A2B538CA}.Release|x64.Deploy.0 = Release|Any CPU
		{AC53DF1D-7081-4269-947B-4D0150E22609}.Debug|Any CPU.ActiveCfg = Debug|x64
		{AC53DF1D-7081-4269-947B-4D0150E22609}.Debug|Any CPU.Build.0 = Debug|x64
		{AC53DF1D-7081-4269-947B-4D0150E22609}.Debug|x64.ActiveCfg = Debug|Any CPU
		{AC53DF1D-7081-4269-947B-4D0150E22609}.Debug|x64.Build.0 = Debug|Any CPU
		{AC53DF1D-7081-4269-947B-4D0150E22609}.Release|Any CPU.ActiveCfg = Release|Any CPU
		{AC53DF1D-7081-4269-947B-4D0150E22609}.Release|Any CPU.Build.0 = Release|Any CPU
		{AC53DF1D-7081-4269-947B-4D0150E22609}.Release|x64.ActiveCfg = Release|Any CPU
		{AC53DF1D-7081-4269-947B-4D0150E22609}.Release|x64.Build.0 = Release|Any CPU
		{20F71865-1AEC-4B69-8C7C-F32086ECD946}.Debug|Any CPU.ActiveCfg = Debug|Any CPU
		{20F71865-1AEC-4B69-8C7C-F32086ECD946}.Debug|Any CPU.Build.0 = Debug|Any CPU
		{20F71865-1AEC-4B69-8C7C-F32086ECD946}.Debug|x64.ActiveCfg = Debug|Any CPU
		{20F71865-1AEC-4B69-8C7C-F32086ECD946}.Debug|x64.Build.0 = Debug|Any CPU
		{20F71865-1AEC-4B69-8C7C-F32086ECD946}.Release|Any CPU.ActiveCfg = Release|Any CPU
		{20F71865-1AEC-4B69-8C7C-F32086ECD946}.Release|Any CPU.Build.0 = Release|Any CPU
		{20F71865-1AEC-4B69-8C7C-F32086ECD946}.Release|x64.ActiveCfg = Release|Any CPU
		{20F71865-1AEC-4B69-8C7C-F32086ECD946}.Release|x64.Build.0 = Release|Any CPU
		{F7B1B478-9F05-497A-A67F-9CAD2AB01E68}.Debug|Any CPU.ActiveCfg = Debug|Any CPU
		{F7B1B478-9F05-497A-A67F-9CAD2AB01E68}.Debug|Any CPU.Build.0 = Debug|Any CPU
		{F7B1B478-9F05-497A-A67F-9CAD2AB01E68}.Debug|x64.ActiveCfg = Debug|Any CPU
		{F7B1B478-9F05-497A-A67F-9CAD2AB01E68}.Debug|x64.Build.0 = Debug|Any CPU
		{F7B1B478-9F05-497A-A67F-9CAD2AB01E68}.Release|Any CPU.ActiveCfg = Release|Any CPU
		{F7B1B478-9F05-497A-A67F-9CAD2AB01E68}.Release|Any CPU.Build.0 = Release|Any CPU
		{F7B1B478-9F05-497A-A67F-9CAD2AB01E68}.Release|x64.ActiveCfg = Release|Any CPU
		{F7B1B478-9F05-497A-A67F-9CAD2AB01E68}.Release|x64.Build.0 = Release|Any CPU
		{7D4D8596-946E-4D9C-B2D8-072AD4DA73C1}.Debug|Any CPU.ActiveCfg = Debug|Any CPU
		{7D4D8596-946E-4D9C-B2D8-072AD4DA73C1}.Debug|Any CPU.Build.0 = Debug|Any CPU
		{7D4D8596-946E-4D9C-B2D8-072AD4DA73C1}.Debug|x64.ActiveCfg = Debug|Any CPU
		{7D4D8596-946E-4D9C-B2D8-072AD4DA73C1}.Debug|x64.Build.0 = Debug|Any CPU
		{7D4D8596-946E-4D9C-B2D8-072AD4DA73C1}.Release|Any CPU.ActiveCfg = Release|Any CPU
		{7D4D8596-946E-4D9C-B2D8-072AD4DA73C1}.Release|Any CPU.Build.0 = Release|Any CPU
		{7D4D8596-946E-4D9C-B2D8-072AD4DA73C1}.Release|x64.ActiveCfg = Release|Any CPU
		{7D4D8596-946E-4D9C-B2D8-072AD4DA73C1}.Release|x64.Build.0 = Release|Any CPU
		{67B6E0E1-9A29-4EF4-B288-151C794FF9B5}.Debug|Any CPU.ActiveCfg = Debug|Any CPU
		{67B6E0E1-9A29-4EF4-B288-151C794FF9B5}.Debug|Any CPU.Build.0 = Debug|Any CPU
		{67B6E0E1-9A29-4EF4-B288-151C794FF9B5}.Debug|x64.ActiveCfg = Debug|Any CPU
		{67B6E0E1-9A29-4EF4-B288-151C794FF9B5}.Debug|x64.Build.0 = Debug|Any CPU
		{67B6E0E1-9A29-4EF4-B288-151C794FF9B5}.Release|Any CPU.ActiveCfg = Release|Any CPU
		{67B6E0E1-9A29-4EF4-B288-151C794FF9B5}.Release|Any CPU.Build.0 = Release|Any CPU
		{67B6E0E1-9A29-4EF4-B288-151C794FF9B5}.Release|x64.ActiveCfg = Release|Any CPU
		{67B6E0E1-9A29-4EF4-B288-151C794FF9B5}.Release|x64.Build.0 = Release|Any CPU
		{17D87DA1-D7CD-41BD-A8B4-49A392BE01D4}.Debug|Any CPU.ActiveCfg = Debug|Any CPU
		{17D87DA1-D7CD-41BD-A8B4-49A392BE01D4}.Debug|Any CPU.Build.0 = Debug|Any CPU
		{17D87DA1-D7CD-41BD-A8B4-49A392BE01D4}.Debug|x64.ActiveCfg = Debug|Any CPU
		{17D87DA1-D7CD-41BD-A8B4-49A392BE01D4}.Debug|x64.Build.0 = Debug|Any CPU
		{17D87DA1-D7CD-41BD-A8B4-49A392BE01D4}.Release|Any CPU.ActiveCfg = Release|Any CPU
		{17D87DA1-D7CD-41BD-A8B4-49A392BE01D4}.Release|Any CPU.Build.0 = Release|Any CPU
		{17D87DA1-D7CD-41BD-A8B4-49A392BE01D4}.Release|x64.ActiveCfg = Release|Any CPU
		{17D87DA1-D7CD-41BD-A8B4-49A392BE01D4}.Release|x64.Build.0 = Release|Any CPU
		{4D350D45-1AEA-4398-9A65-D47094A733ED}.Debug|Any CPU.ActiveCfg = Debug|x64
		{4D350D45-1AEA-4398-9A65-D47094A733ED}.Debug|Any CPU.Build.0 = Debug|x64
		{4D350D45-1AEA-4398-9A65-D47094A733ED}.Debug|x64.ActiveCfg = Debug|Any CPU
		{4D350D45-1AEA-4398-9A65-D47094A733ED}.Debug|x64.Build.0 = Debug|Any CPU
		{4D350D45-1AEA-4398-9A65-D47094A733ED}.Release|Any CPU.ActiveCfg = Release|Any CPU
		{4D350D45-1AEA-4398-9A65-D47094A733ED}.Release|Any CPU.Build.0 = Release|Any CPU
		{4D350D45-1AEA-4398-9A65-D47094A733ED}.Release|x64.ActiveCfg = Release|Any CPU
		{4D350D45-1AEA-4398-9A65-D47094A733ED}.Release|x64.Build.0 = Release|Any CPU
	EndGlobalSection
	GlobalSection(SolutionProperties) = preSolution
		HideSolutionNode = FALSE
	EndGlobalSection
	GlobalSection(NestedProjects) = preSolution
		{B054109D-EE89-4D47-B454-59053223D0DE} = {329DAC85-E2C7-430F-9B8C-598298D0CFB8}
		{A8FC67C8-3E5C-482E-B038-70C837122DD7} = {329DAC85-E2C7-430F-9B8C-598298D0CFB8}
		{14CED860-9374-4BA4-932A-B9AD55FCF996} = {8BAB1140-2A9B-450A-8B38-A1203E72F060}
		{7B9679B8-183C-45B5-95BD-5851A1A28A97} = {F53F10B1-9FBF-486A-B27C-DDEF789AE0C1}
		{C7538BBF-8C64-4BCA-9BCA-DE67B7DC9B90} = {329DAC85-E2C7-430F-9B8C-598298D0CFB8}
		{9120AFE7-EB78-4BDF-8427-229C89420B1A} = {8BAB1140-2A9B-450A-8B38-A1203E72F060}
		{9CA81805-301D-4BDD-9E92-133C9C4EB203} = {329DAC85-E2C7-430F-9B8C-598298D0CFB8}
		{D1B6A472-4873-40FD-BB8A-EBDE0851F07B} = {329DAC85-E2C7-430F-9B8C-598298D0CFB8}
		{9C5BACF5-66B9-4F15-80AD-DF4CE139333E} = {88681588-D801-4956-ACA7-ADE65AF158A7}
		{329DAC85-E2C7-430F-9B8C-598298D0CFB8} = {F53F10B1-9FBF-486A-B27C-DDEF789AE0C1}
		{2D2FFE85-0690-43C4-883C-39C2BCDC3968} = {F53F10B1-9FBF-486A-B27C-DDEF789AE0C1}
		{29E95C5F-F272-4818-ACBF-7E0CB442796E} = {329DAC85-E2C7-430F-9B8C-598298D0CFB8}
		{B422472F-8F74-460E-A39F-2E63E2A9C0BD} = {329DAC85-E2C7-430F-9B8C-598298D0CFB8}
		{028899A0-2B8F-4F31-A54F-3CE3A8F98987} = {227D251E-A653-47FC-AAF3-60FE3AD17C89}
		{A53FBD64-B5ED-4DB1-A57D-19F037BEDF00} = {88681588-D801-4956-ACA7-ADE65AF158A7}
		{7E86739E-14A4-4A90-AC28-FCE795566A90} = {3CEF3DF0-92F3-43E7-84ED-A145547996B6}
		{A2291C06-5E31-43A1-805D-A0693B944221} = {227D251E-A653-47FC-AAF3-60FE3AD17C89}
		{24CDA8A3-12EB-473B-A546-A9315343E207} = {1B0945CE-4A72-4CB0-92FC-F0B648814095}
		{C5CB5055-D2FF-4B6E-8368-847E3A991A42} = {88681588-D801-4956-ACA7-ADE65AF158A7}
		{2D022348-7707-4DB8-A5CD-469EA8ABBB5A} = {1B0945CE-4A72-4CB0-92FC-F0B648814095}
		{F2363BC6-B5DB-4D16-850B-B561A03CC18B} = {2D022348-7707-4DB8-A5CD-469EA8ABBB5A}
		{B67426F4-ED6D-4F3D-A50D-E142DD985AEC} = {2D022348-7707-4DB8-A5CD-469EA8ABBB5A}
		{6DA6AAE3-0896-4188-9036-23EFB4E2EE22} = {2D022348-7707-4DB8-A5CD-469EA8ABBB5A}
		{6D8D03AB-2DDB-4A22-9591-07001CC40645} = {88681588-D801-4956-ACA7-ADE65AF158A7}
		{4A3C9567-FA1D-4787-A9BD-A8691248490F} = {3CEF3DF0-92F3-43E7-84ED-A145547996B6}
		{5F316E96-DBC1-424A-87C7-B4DE18237289} = {88681588-D801-4956-ACA7-ADE65AF158A7}
		{B6EACF05-2A76-472D-9EE9-A906C70DEB8D} = {F53F10B1-9FBF-486A-B27C-DDEF789AE0C1}
		{55D490C8-4CAD-4034-9178-D8C779072A37} = {227D251E-A653-47FC-AAF3-60FE3AD17C89}
		{3C34B3B5-C92E-45B0-A3DE-26A72FC2EC35} = {2D022348-7707-4DB8-A5CD-469EA8ABBB5A}
		{A8C9FC2F-2624-4AFE-AE0E-434A2B965430} = {329DAC85-E2C7-430F-9B8C-598298D0CFB8}
		{AD7B78B0-AE51-4FB7-9B11-4E22A2B538CA} = {88681588-D801-4956-ACA7-ADE65AF158A7}
		{AC53DF1D-7081-4269-947B-4D0150E22609} = {88681588-D801-4956-ACA7-ADE65AF158A7}
		{20F71865-1AEC-4B69-8C7C-F32086ECD946} = {8BAB1140-2A9B-450A-8B38-A1203E72F060}
		{F7B1B478-9F05-497A-A67F-9CAD2AB01E68} = {8BAB1140-2A9B-450A-8B38-A1203E72F060}
		{7D4D8596-946E-4D9C-B2D8-072AD4DA73C1} = {88681588-D801-4956-ACA7-ADE65AF158A7}
		{67B6E0E1-9A29-4EF4-B288-151C794FF9B5} = {8BAB1140-2A9B-450A-8B38-A1203E72F060}
		{17D87DA1-D7CD-41BD-A8B4-49A392BE01D4} = {8BAB1140-2A9B-450A-8B38-A1203E72F060}
		{4D350D45-1AEA-4398-9A65-D47094A733ED} = {227D251E-A653-47FC-AAF3-60FE3AD17C89}
	EndGlobalSection
	GlobalSection(ExtensibilityGlobals) = postSolution
		SolutionGuid = {A7840461-4EA3-4893-BA13-B7AE37C61806}
	EndGlobalSection
	GlobalSection(SubversionScc) = preSolution
		Svn-Managed = True
		Manager = AnkhSVN - Subversion Support for Visual Studio
	EndGlobalSection
EndGlobal
