Microsoft Visual Studio Solution File, Format Version 12.00
# Visual Studio 15
VisualStudioVersion = 15.0.28307.1022
MinimumVisualStudioVersion = 10.0.40219.1
Project("{2150E333-8FDC-42A3-9474-1A3956D46DE8}") = "src", "src", "{227D251E-A653-47FC-AAF3-60FE3AD17C89}"
EndProject
Project("{9A19103F-16F7-4668-BE54-9A1E7A4F7556}") = "InteropBitmaps.Backends.GDI", "src\InteropBitmaps.Backends.GDI\InteropBitmaps.Backends.GDI.csproj", "{B054109D-EE89-4D47-B454-59053223D0DE}"
EndProject
Project("{9A19103F-16F7-4668-BE54-9A1E7A4F7556}") = "InteropBitmaps.Backends.ImageSharp", "src\InteropBitmaps.Backends.ImageSharp\InteropBitmaps.Backends.ImageSharp.csproj", "{A8FC67C8-3E5C-482E-B038-70C837122DD7}"
EndProject
Project("{9A19103F-16F7-4668-BE54-9A1E7A4F7556}") = "InteropBitmaps.Backends.OpenCvSharp4", "src\InteropBitmaps.Backends.OpenCvSharp4\InteropBitmaps.Backends.OpenCvSharp4.csproj", "{14CED860-9374-4BA4-932A-B9AD55FCF996}"
EndProject
Project("{9A19103F-16F7-4668-BE54-9A1E7A4F7556}") = "InteropBitmaps.Core", "src\InteropBitmaps.Core\InteropBitmaps.Core.csproj", "{7B9679B8-183C-45B5-95BD-5851A1A28A97}"
EndProject
Project("{9A19103F-16F7-4668-BE54-9A1E7A4F7556}") = "InteropBitmaps.Tests", "src\InteropBitmaps.Tests\InteropBitmaps.Tests.csproj", "{CB0FFE21-657D-4542-A95E-311122A430D6}"
EndProject
Project("{9A19103F-16F7-4668-BE54-9A1E7A4F7556}") = "InteropBitmaps.Backends.ZXing", "src\InteropBitmaps.Backends.ZXing\InteropBitmaps.Backends.ZXing.csproj", "{C7538BBF-8C64-4BCA-9BCA-DE67B7DC9B90}"
EndProject
Project("{9A19103F-16F7-4668-BE54-9A1E7A4F7556}") = "InteropBitmaps.Backends.Takeuchi.FaceRecognition", "src\InteropBitmaps.Backends.Takeuchi.FaceRecognition\InteropBitmaps.Backends.Takeuchi.FaceRecognition.csproj", "{FA6B67AD-9A01-4171-BB6C-1605BD08A186}"
EndProject
Project("{9A19103F-16F7-4668-BE54-9A1E7A4F7556}") = "InteropBitmaps.Backends.Takeuchi.OpenPose", "src\InteropBitmaps.Backends.Takeuchi.OpenPose\InteropBitmaps.Backends.Takeuchi.OpenPose.csproj", "{D3656307-A426-49B0-A234-34379C0C3EC4}"
EndProject
Project("{9A19103F-16F7-4668-BE54-9A1E7A4F7556}") = "InteropBitmaps.Backends.WPF", "src\InteropBitmaps.Backends.WPF\InteropBitmaps.Backends.WPF.csproj", "{9120AFE7-EB78-4BDF-8427-229C89420B1A}"
EndProject
Project("{9A19103F-16F7-4668-BE54-9A1E7A4F7556}") = "InteropBitmaps.IO.STB", "src\InteropBitmaps.IO.STB\InteropBitmaps.IO.STB.csproj", "{9CA81805-301D-4BDD-9E92-133C9C4EB203}"
EndProject
Project("{FAE04EC0-301F-11D3-BF4B-00C04F79EFBC}") = "InteropBitmaps.Backends.SkiaSharp", "src\InteropBitmaps.Backends.SkiaSharp\InteropBitmaps.Backends.SkiaSharp.csproj", "{D1B6A472-4873-40FD-BB8A-EBDE0851F07B}"
EndProject
Global
	GlobalSection(SubversionScc) = preSolution
		Svn-Managed = True
		Manager = AnkhSVN - Subversion Support for Visual Studio
	EndGlobalSection
	GlobalSection(SolutionConfigurationPlatforms) = preSolution
		Debug|Any CPU = Debug|Any CPU
		Release|Any CPU = Release|Any CPU
	EndGlobalSection
	GlobalSection(ProjectConfigurationPlatforms) = postSolution
		{B054109D-EE89-4D47-B454-59053223D0DE}.Debug|Any CPU.ActiveCfg = Debug|Any CPU
		{B054109D-EE89-4D47-B454-59053223D0DE}.Debug|Any CPU.Build.0 = Debug|Any CPU
		{B054109D-EE89-4D47-B454-59053223D0DE}.Release|Any CPU.ActiveCfg = Release|Any CPU
		{B054109D-EE89-4D47-B454-59053223D0DE}.Release|Any CPU.Build.0 = Release|Any CPU
		{A8FC67C8-3E5C-482E-B038-70C837122DD7}.Debug|Any CPU.ActiveCfg = Debug|Any CPU
		{A8FC67C8-3E5C-482E-B038-70C837122DD7}.Debug|Any CPU.Build.0 = Debug|Any CPU
		{A8FC67C8-3E5C-482E-B038-70C837122DD7}.Release|Any CPU.ActiveCfg = Release|Any CPU
		{A8FC67C8-3E5C-482E-B038-70C837122DD7}.Release|Any CPU.Build.0 = Release|Any CPU
		{14CED860-9374-4BA4-932A-B9AD55FCF996}.Debug|Any CPU.ActiveCfg = Debug|Any CPU
		{14CED860-9374-4BA4-932A-B9AD55FCF996}.Debug|Any CPU.Build.0 = Debug|Any CPU
		{14CED860-9374-4BA4-932A-B9AD55FCF996}.Release|Any CPU.ActiveCfg = Release|Any CPU
		{14CED860-9374-4BA4-932A-B9AD55FCF996}.Release|Any CPU.Build.0 = Release|Any CPU
		{7B9679B8-183C-45B5-95BD-5851A1A28A97}.Debug|Any CPU.ActiveCfg = Debug|Any CPU
		{7B9679B8-183C-45B5-95BD-5851A1A28A97}.Debug|Any CPU.Build.0 = Debug|Any CPU
		{7B9679B8-183C-45B5-95BD-5851A1A28A97}.Release|Any CPU.ActiveCfg = Release|Any CPU
		{7B9679B8-183C-45B5-95BD-5851A1A28A97}.Release|Any CPU.Build.0 = Release|Any CPU
		{CB0FFE21-657D-4542-A95E-311122A430D6}.Debug|Any CPU.ActiveCfg = Debug|Any CPU
		{CB0FFE21-657D-4542-A95E-311122A430D6}.Debug|Any CPU.Build.0 = Debug|Any CPU
		{CB0FFE21-657D-4542-A95E-311122A430D6}.Release|Any CPU.ActiveCfg = Release|Any CPU
		{CB0FFE21-657D-4542-A95E-311122A430D6}.Release|Any CPU.Build.0 = Release|Any CPU
		{C7538BBF-8C64-4BCA-9BCA-DE67B7DC9B90}.Debug|Any CPU.ActiveCfg = Debug|Any CPU
		{C7538BBF-8C64-4BCA-9BCA-DE67B7DC9B90}.Debug|Any CPU.Build.0 = Debug|Any CPU
		{C7538BBF-8C64-4BCA-9BCA-DE67B7DC9B90}.Release|Any CPU.ActiveCfg = Release|Any CPU
		{C7538BBF-8C64-4BCA-9BCA-DE67B7DC9B90}.Release|Any CPU.Build.0 = Release|Any CPU
		{FA6B67AD-9A01-4171-BB6C-1605BD08A186}.Debug|Any CPU.ActiveCfg = Debug|Any CPU
		{FA6B67AD-9A01-4171-BB6C-1605BD08A186}.Debug|Any CPU.Build.0 = Debug|Any CPU
		{FA6B67AD-9A01-4171-BB6C-1605BD08A186}.Release|Any CPU.ActiveCfg = Release|Any CPU
		{FA6B67AD-9A01-4171-BB6C-1605BD08A186}.Release|Any CPU.Build.0 = Release|Any CPU
		{D3656307-A426-49B0-A234-34379C0C3EC4}.Debug|Any CPU.ActiveCfg = Debug|Any CPU
		{D3656307-A426-49B0-A234-34379C0C3EC4}.Debug|Any CPU.Build.0 = Debug|Any CPU
		{D3656307-A426-49B0-A234-34379C0C3EC4}.Release|Any CPU.ActiveCfg = Release|Any CPU
		{D3656307-A426-49B0-A234-34379C0C3EC4}.Release|Any CPU.Build.0 = Release|Any CPU
		{9120AFE7-EB78-4BDF-8427-229C89420B1A}.Debug|Any CPU.ActiveCfg = Debug|Any CPU
		{9120AFE7-EB78-4BDF-8427-229C89420B1A}.Debug|Any CPU.Build.0 = Debug|Any CPU
		{9120AFE7-EB78-4BDF-8427-229C89420B1A}.Release|Any CPU.ActiveCfg = Release|Any CPU
		{9120AFE7-EB78-4BDF-8427-229C89420B1A}.Release|Any CPU.Build.0 = Release|Any CPU
		{9CA81805-301D-4BDD-9E92-133C9C4EB203}.Debug|Any CPU.ActiveCfg = Debug|Any CPU
		{9CA81805-301D-4BDD-9E92-133C9C4EB203}.Debug|Any CPU.Build.0 = Debug|Any CPU
		{9CA81805-301D-4BDD-9E92-133C9C4EB203}.Release|Any CPU.ActiveCfg = Release|Any CPU
		{9CA81805-301D-4BDD-9E92-133C9C4EB203}.Release|Any CPU.Build.0 = Release|Any CPU
		{D1B6A472-4873-40FD-BB8A-EBDE0851F07B}.Debug|Any CPU.ActiveCfg = Debug|Any CPU
		{D1B6A472-4873-40FD-BB8A-EBDE0851F07B}.Debug|Any CPU.Build.0 = Debug|Any CPU
		{D1B6A472-4873-40FD-BB8A-EBDE0851F07B}.Release|Any CPU.ActiveCfg = Release|Any CPU
		{D1B6A472-4873-40FD-BB8A-EBDE0851F07B}.Release|Any CPU.Build.0 = Release|Any CPU
	EndGlobalSection
	GlobalSection(SolutionProperties) = preSolution
		HideSolutionNode = FALSE
	EndGlobalSection
	GlobalSection(NestedProjects) = preSolution
		{B054109D-EE89-4D47-B454-59053223D0DE} = {227D251E-A653-47FC-AAF3-60FE3AD17C89}
		{A8FC67C8-3E5C-482E-B038-70C837122DD7} = {227D251E-A653-47FC-AAF3-60FE3AD17C89}
		{14CED860-9374-4BA4-932A-B9AD55FCF996} = {227D251E-A653-47FC-AAF3-60FE3AD17C89}
		{7B9679B8-183C-45B5-95BD-5851A1A28A97} = {227D251E-A653-47FC-AAF3-60FE3AD17C89}
		{CB0FFE21-657D-4542-A95E-311122A430D6} = {227D251E-A653-47FC-AAF3-60FE3AD17C89}
		{C7538BBF-8C64-4BCA-9BCA-DE67B7DC9B90} = {227D251E-A653-47FC-AAF3-60FE3AD17C89}
		{FA6B67AD-9A01-4171-BB6C-1605BD08A186} = {227D251E-A653-47FC-AAF3-60FE3AD17C89}
		{D3656307-A426-49B0-A234-34379C0C3EC4} = {227D251E-A653-47FC-AAF3-60FE3AD17C89}
		{9120AFE7-EB78-4BDF-8427-229C89420B1A} = {227D251E-A653-47FC-AAF3-60FE3AD17C89}
		{9CA81805-301D-4BDD-9E92-133C9C4EB203} = {227D251E-A653-47FC-AAF3-60FE3AD17C89}
		{D1B6A472-4873-40FD-BB8A-EBDE0851F07B} = {227D251E-A653-47FC-AAF3-60FE3AD17C89}
	EndGlobalSection
	GlobalSection(ExtensibilityGlobals) = postSolution
		SolutionGuid = {A7840461-4EA3-4893-BA13-B7AE37C61806}
	EndGlobalSection
EndGlobal
