Microsoft Visual Studio Solution File, Format Version 12.00
Project("{9A19103F-16F7-4668-BE54-9A1E7A4F7556}") = "InteropTypes.Graphics.Backends.GLTF", "InteropTypes.Graphics.Backends.GLTF\InteropTypes.Graphics.Backends.GLTF.csproj", "{42983F4A-B120-48A5-A196-A53AEA09D167}"
EndProject
Project("{9A19103F-16F7-4668-BE54-9A1E7A4F7556}") = "InteropTypes.Codecs.FFmpeg.AutoGen", "InteropTypes.Codecs.FFmpeg.AutoGen\InteropTypes.Codecs.FFmpeg.AutoGen.csproj", "{51B1B607-0A58-4B42-93E3-B190D6714BCC}"
EndProject
Project("{9A19103F-16F7-4668-BE54-9A1E7A4F7556}") = "InteropTypes.Codecs.MJPEG", "InteropTypes.Codecs.MJPEG\InteropTypes.Codecs.MJPEG.csproj", "{1906F9B4-4A10-4074-920F-9C900BAA21E4}"
EndProject
Project("{9A19103F-16F7-4668-BE54-9A1E7A4F7556}") = "InteropTypes.Codecs.STB", "InteropTypes.Codecs.STB\InteropTypes.Codecs.STB.csproj", "{016C08F3-F525-487E-944D-4A0E9DDE5CA8}"
EndProject
Project("{9A19103F-16F7-4668-BE54-9A1E7A4F7556}") = "InteropTypes.Crypto", "InteropTypes.Crypto\InteropTypes.Crypto.csproj", "{B76F75F6-4612-4C38-9C5F-C4ED701BD1BF}"
EndProject
Project("{9A19103F-16F7-4668-BE54-9A1E7A4F7556}") = "InteropTypes.Graphics.Backends.Avalonia", "InteropTypes.Graphics.Backends.Avalonia\InteropTypes.Graphics.Backends.Avalonia.csproj", "{1BE9C071-5ED3-4816-A722-236EE81C5824}"
EndProject
Project("{9A19103F-16F7-4668-BE54-9A1E7A4F7556}") = "InteropTypes.Graphics.Backends.GDI", "InteropTypes.Graphics.Backends.GDI\InteropTypes.Graphics.Backends.GDI.csproj", "{E5AF4E73-D6DC-461F-9639-CA7DAA241B42}"
EndProject
Project("{9A19103F-16F7-4668-BE54-9A1E7A4F7556}") = "InteropTypes.Graphics.Backends.ImageSharp", "InteropTypes.Graphics.Backends.ImageSharp\InteropTypes.Graphics.Backends.ImageSharp.csproj", "{0CB4482F-4387-49F4-B31C-99467EA132E2}"
EndProject
Project("{9A19103F-16F7-4668-BE54-9A1E7A4F7556}") = "InteropTypes.Graphics.Backends.MonoGame", "InteropTypes.Graphics.Backends.MonoGame\InteropTypes.Graphics.Backends.MonoGame.csproj", "{2FD007BB-BF2D-4881-A556-5418F4BDBA6A}"
EndProject
Project("{9A19103F-16F7-4668-BE54-9A1E7A4F7556}") = "InteropTypes.Graphics.Backends.Plotly", "InteropTypes.Graphics.Backends.Plotly\InteropTypes.Graphics.Backends.Plotly.csproj", "{34993AE6-8E69-4B41-B610-C2086BBD63A6}"
EndProject
Project("{9A19103F-16F7-4668-BE54-9A1E7A4F7556}") = "InteropTypes.Graphics.Backends.SkiaSharp", "InteropTypes.Graphics.Backends.SkiaSharp\InteropTypes.Graphics.Backends.SkiaSharp.csproj", "{D9908075-387B-4CC4-96CD-82D5A5E8E5F0}"
EndProject
Project("{9A19103F-16F7-4668-BE54-9A1E7A4F7556}") = "InteropTypes.Graphics.Backends.SpanBitmap", "InteropTypes.Graphics.Backends.SpanBitmap\InteropTypes.Graphics.Backends.SpanBitmap.csproj", "{55B33592-43EA-4058-BEA7-5F374BEEE122}"
EndProject
Project("{9A19103F-16F7-4668-BE54-9A1E7A4F7556}") = "InteropTypes.Graphics.Backends.SVG", "InteropTypes.Graphics.Backends.SVG\InteropTypes.Graphics.Backends.SVG.csproj", "{6DA95B8A-6411-4789-B02F-C8C5A697EE21}"
EndProject
Project("{9A19103F-16F7-4668-BE54-9A1E7A4F7556}") = "InteropTypes.Graphics.Backends.WPF", "InteropTypes.Graphics.Backends.WPF\InteropTypes.Graphics.Backends.WPF.csproj", "{5BD2346D-E21E-4003-9B08-44F1E8C11520}"
EndProject
Project("{9A19103F-16F7-4668-BE54-9A1E7A4F7556}") = "InteropTypes.Graphics.Backends.ZXing", "InteropTypes.Graphics.Backends.ZXing\InteropTypes.Graphics.Backends.ZXing.csproj", "{E3763A75-4ABE-4C0D-A341-E56195F0948B}"
EndProject
Project("{9A19103F-16F7-4668-BE54-9A1E7A4F7556}") = "InteropTypes.Graphics.Bitmaps.Core", "InteropTypes.Graphics.Bitmaps.Core\InteropTypes.Graphics.Bitmaps.Core.csproj", "{082A2C75-84E3-4077-8D74-E37DAA9ADBAA}"
EndProject
Project("{9A19103F-16F7-4668-BE54-9A1E7A4F7556}") = "InteropTypes.Graphics.Bitmaps.PixelFormats", "InteropTypes.Graphics.Bitmaps.PixelFormats\InteropTypes.Graphics.Bitmaps.PixelFormats.csproj", "{F008B118-0B12-4F58-86B3-C401C2809737}"
EndProject
Project("{9A19103F-16F7-4668-BE54-9A1E7A4F7556}") = "InteropTypes.Graphics.Bitmaps.Toolkit", "InteropTypes.Graphics.Bitmaps.Toolkit\InteropTypes.Graphics.Bitmaps.Toolkit.csproj", "{E3F894A9-39EB-4E6A-A5AF-4E29CA351DB3}"
EndProject
Project("{9A19103F-16F7-4668-BE54-9A1E7A4F7556}") = "InteropTypes.Graphics.Drawing.Core", "InteropTypes.Graphics.Drawing.Core\InteropTypes.Graphics.Drawing.Core.csproj", "{0B2E829E-C62B-45B3-9EB7-7D8872199DC0}"
EndProject
Project("{9A19103F-16F7-4668-BE54-9A1E7A4F7556}") = "InteropTypes.Graphics.Drawing.Toolkit", "InteropTypes.Graphics.Drawing.Toolkit\InteropTypes.Graphics.Drawing.Toolkit.csproj", "{FE135B2F-B1A9-4338-8538-E3B5DCA9AEF9}"
EndProject
Project("{9A19103F-16F7-4668-BE54-9A1E7A4F7556}") = "InteropTypes.IO.FileProviders.Avalonia", "InteropTypes.IO.FileProviders.Avalonia\InteropTypes.IO.FileProviders.Avalonia.csproj", "{BB9CDC1C-8E57-4DF1-97EE-980FFBC912A1}"
EndProject
Project("{9A19103F-16F7-4668-BE54-9A1E7A4F7556}") = "InteropTypes.IO.FileProviders.SVN", "InteropTypes.IO.FileProviders.SVN\InteropTypes.IO.FileProviders.SVN.csproj", "{9CF8255B-7CC0-430B-977A-9CF2F4D587B8}"
EndProject
Project("{9A19103F-16F7-4668-BE54-9A1E7A4F7556}") = "InteropTypes.IO.FileProviders", "InteropTypes.IO.FileProviders\InteropTypes.IO.FileProviders.csproj", "{7CC2EB48-B4AA-42CA-A559-D8FDFEB2EB90}"
EndProject
Project("{9A19103F-16F7-4668-BE54-9A1E7A4F7556}") = "InteropTypes.IO.SharpCompress", "InteropTypes.IO.SharpCompress\InteropTypes.IO.SharpCompress.csproj", "{7AFC8B2D-E94B-4CCB-AAA6-9593D10109C6}"
EndProject
Project("{9A19103F-16F7-4668-BE54-9A1E7A4F7556}") = "InteropTypes.IO.Streams", "InteropTypes.IO.Streams\InteropTypes.IO.Streams.csproj", "{5CA2E7A2-C150-41F8-B99E-F71123988CF0}"
EndProject
Project("{9A19103F-16F7-4668-BE54-9A1E7A4F7556}") = "InteropTypes.Tensors.OnnxRuntime", "InteropTypes.Tensors.OnnxRuntime\InteropTypes.Tensors.OnnxRuntime.csproj", "{2AC52F83-469E-459E-9B40-F191A939B82B}"
EndProject
Project("{9A19103F-16F7-4668-BE54-9A1E7A4F7556}") = "InteropTypes.Tensors", "InteropTypes.Tensors\InteropTypes.Tensors.csproj", "{46545CAF-F91C-473D-A2E2-7F8D33FEF7CB}"
EndProject
Project("{9A19103F-16F7-4668-BE54-9A1E7A4F7556}") = "InteropTypes.Vision.Backends.ZXing", "InteropTypes.Vision.Backends.ZXing\InteropTypes.Vision.Backends.ZXing.csproj", "{3F355FCD-6F43-4055-A2F6-DB9393E58CDC}"
EndProject
Project("{9A19103F-16F7-4668-BE54-9A1E7A4F7556}") = "InteropTypes.Vision.Core", "InteropTypes.Vision.Core\InteropTypes.Vision.Core.csproj", "{357CFCF0-2770-49D0-B23B-8D16E3905E94}"
EndProject
Global
	GlobalSection(SolutionConfigurationPlatforms) = preSolution
		Release|Any CPU = Release|Any CPU
	EndGlobalSection
	GlobalSection(ProjectConfigurationPlatforms) = postSolution
		{42983F4A-B120-48A5-A196-A53AEA09D167}.Release|Any CPU.ActiveCfg = Release|Any CPU
		{42983F4A-B120-48A5-A196-A53AEA09D167}.Release|Any CPU.Build.0 = Release|Any CPU
		{51B1B607-0A58-4B42-93E3-B190D6714BCC}.Release|Any CPU.ActiveCfg = Release|Any CPU
		{51B1B607-0A58-4B42-93E3-B190D6714BCC}.Release|Any CPU.Build.0 = Release|Any CPU
		{1906F9B4-4A10-4074-920F-9C900BAA21E4}.Release|Any CPU.ActiveCfg = Release|Any CPU
		{1906F9B4-4A10-4074-920F-9C900BAA21E4}.Release|Any CPU.Build.0 = Release|Any CPU
		{016C08F3-F525-487E-944D-4A0E9DDE5CA8}.Release|Any CPU.ActiveCfg = Release|Any CPU
		{016C08F3-F525-487E-944D-4A0E9DDE5CA8}.Release|Any CPU.Build.0 = Release|Any CPU
		{B76F75F6-4612-4C38-9C5F-C4ED701BD1BF}.Release|Any CPU.ActiveCfg = Release|Any CPU
		{B76F75F6-4612-4C38-9C5F-C4ED701BD1BF}.Release|Any CPU.Build.0 = Release|Any CPU
		{1BE9C071-5ED3-4816-A722-236EE81C5824}.Release|Any CPU.ActiveCfg = Release|Any CPU
		{1BE9C071-5ED3-4816-A722-236EE81C5824}.Release|Any CPU.Build.0 = Release|Any CPU
		{E5AF4E73-D6DC-461F-9639-CA7DAA241B42}.Release|Any CPU.ActiveCfg = Release|Any CPU
		{E5AF4E73-D6DC-461F-9639-CA7DAA241B42}.Release|Any CPU.Build.0 = Release|Any CPU
		{0CB4482F-4387-49F4-B31C-99467EA132E2}.Release|Any CPU.ActiveCfg = Release|Any CPU
		{0CB4482F-4387-49F4-B31C-99467EA132E2}.Release|Any CPU.Build.0 = Release|Any CPU
		{2FD007BB-BF2D-4881-A556-5418F4BDBA6A}.Release|Any CPU.ActiveCfg = Release|Any CPU
		{2FD007BB-BF2D-4881-A556-5418F4BDBA6A}.Release|Any CPU.Build.0 = Release|Any CPU
		{34993AE6-8E69-4B41-B610-C2086BBD63A6}.Release|Any CPU.ActiveCfg = Release|Any CPU
		{34993AE6-8E69-4B41-B610-C2086BBD63A6}.Release|Any CPU.Build.0 = Release|Any CPU
		{D9908075-387B-4CC4-96CD-82D5A5E8E5F0}.Release|Any CPU.ActiveCfg = Release|Any CPU
		{D9908075-387B-4CC4-96CD-82D5A5E8E5F0}.Release|Any CPU.Build.0 = Release|Any CPU
		{55B33592-43EA-4058-BEA7-5F374BEEE122}.Release|Any CPU.ActiveCfg = Release|Any CPU
		{55B33592-43EA-4058-BEA7-5F374BEEE122}.Release|Any CPU.Build.0 = Release|Any CPU
		{6DA95B8A-6411-4789-B02F-C8C5A697EE21}.Release|Any CPU.ActiveCfg = Release|Any CPU
		{6DA95B8A-6411-4789-B02F-C8C5A697EE21}.Release|Any CPU.Build.0 = Release|Any CPU
		{5BD2346D-E21E-4003-9B08-44F1E8C11520}.Release|Any CPU.ActiveCfg = Release|Any CPU
		{5BD2346D-E21E-4003-9B08-44F1E8C11520}.Release|Any CPU.Build.0 = Release|Any CPU
		{E3763A75-4ABE-4C0D-A341-E56195F0948B}.Release|Any CPU.ActiveCfg = Release|Any CPU
		{E3763A75-4ABE-4C0D-A341-E56195F0948B}.Release|Any CPU.Build.0 = Release|Any CPU
		{082A2C75-84E3-4077-8D74-E37DAA9ADBAA}.Release|Any CPU.ActiveCfg = Release|Any CPU
		{082A2C75-84E3-4077-8D74-E37DAA9ADBAA}.Release|Any CPU.Build.0 = Release|Any CPU
		{F008B118-0B12-4F58-86B3-C401C2809737}.Release|Any CPU.ActiveCfg = Release|Any CPU
		{F008B118-0B12-4F58-86B3-C401C2809737}.Release|Any CPU.Build.0 = Release|Any CPU
		{E3F894A9-39EB-4E6A-A5AF-4E29CA351DB3}.Release|Any CPU.ActiveCfg = Release|Any CPU
		{E3F894A9-39EB-4E6A-A5AF-4E29CA351DB3}.Release|Any CPU.Build.0 = Release|Any CPU
		{0B2E829E-C62B-45B3-9EB7-7D8872199DC0}.Release|Any CPU.ActiveCfg = Release|Any CPU
		{0B2E829E-C62B-45B3-9EB7-7D8872199DC0}.Release|Any CPU.Build.0 = Release|Any CPU
		{FE135B2F-B1A9-4338-8538-E3B5DCA9AEF9}.Release|Any CPU.ActiveCfg = Release|Any CPU
		{FE135B2F-B1A9-4338-8538-E3B5DCA9AEF9}.Release|Any CPU.Build.0 = Release|Any CPU
		{BB9CDC1C-8E57-4DF1-97EE-980FFBC912A1}.Release|Any CPU.ActiveCfg = Release|Any CPU
		{BB9CDC1C-8E57-4DF1-97EE-980FFBC912A1}.Release|Any CPU.Build.0 = Release|Any CPU
		{9CF8255B-7CC0-430B-977A-9CF2F4D587B8}.Release|Any CPU.ActiveCfg = Release|Any CPU
		{9CF8255B-7CC0-430B-977A-9CF2F4D587B8}.Release|Any CPU.Build.0 = Release|Any CPU
		{7CC2EB48-B4AA-42CA-A559-D8FDFEB2EB90}.Release|Any CPU.ActiveCfg = Release|Any CPU
		{7CC2EB48-B4AA-42CA-A559-D8FDFEB2EB90}.Release|Any CPU.Build.0 = Release|Any CPU
		{7AFC8B2D-E94B-4CCB-AAA6-9593D10109C6}.Release|Any CPU.ActiveCfg = Release|Any CPU
		{7AFC8B2D-E94B-4CCB-AAA6-9593D10109C6}.Release|Any CPU.Build.0 = Release|Any CPU
		{5CA2E7A2-C150-41F8-B99E-F71123988CF0}.Release|Any CPU.ActiveCfg = Release|Any CPU
		{5CA2E7A2-C150-41F8-B99E-F71123988CF0}.Release|Any CPU.Build.0 = Release|Any CPU
		{2AC52F83-469E-459E-9B40-F191A939B82B}.Release|Any CPU.ActiveCfg = Release|Any CPU
		{2AC52F83-469E-459E-9B40-F191A939B82B}.Release|Any CPU.Build.0 = Release|Any CPU
		{46545CAF-F91C-473D-A2E2-7F8D33FEF7CB}.Release|Any CPU.ActiveCfg = Release|Any CPU
		{46545CAF-F91C-473D-A2E2-7F8D33FEF7CB}.Release|Any CPU.Build.0 = Release|Any CPU
		{3F355FCD-6F43-4055-A2F6-DB9393E58CDC}.Release|Any CPU.ActiveCfg = Release|Any CPU
		{3F355FCD-6F43-4055-A2F6-DB9393E58CDC}.Release|Any CPU.Build.0 = Release|Any CPU
		{357CFCF0-2770-49D0-B23B-8D16E3905E94}.Release|Any CPU.ActiveCfg = Release|Any CPU
		{357CFCF0-2770-49D0-B23B-8D16E3905E94}.Release|Any CPU.Build.0 = Release|Any CPU
	EndGlobalSection
	GlobalSection(SolutionProperties) = preSolution
		HideSolutionNode = FALSE
	EndGlobalSection
	GlobalSection(ExtensibilityGlobals) = postSolution
		SolutionGuid = {017F7FC5-F083-4EA4-97B4-A1C8C2BE28A3}
	EndGlobalSection
EndGlobal
