Microsoft Visual Studio Solution File, Format Version 12.00
# Visual Studio Version 17
VisualStudioVersion = 17.1.32210.238
MinimumVisualStudioVersion = 10.0.40219.1
Project("{2150E333-8FDC-42A3-9474-1A3956D46DE8}") = "src", "src", "{2461C18B-1017-4C6C-8771-E33E37FDFBBD}"
EndProject
Project("{9A19103F-16F7-4668-BE54-9A1E7A4F7556}") = "InteropTypes.Graphics.Bitmaps", "InteropBitmaps.Core\InteropTypes.Graphics.Bitmaps.csproj", "{7C1D0583-807B-4E74-BF2D-CFC7DD4285AE}"
EndProject
Project("{9A19103F-16F7-4668-BE54-9A1E7A4F7556}") = "InteropTypes.Graphics.PixelFormats", "InteropTypes.Graphics.PixelFormats\InteropTypes.Graphics.PixelFormats.csproj", "{AC4C9A58-F725-4004-B676-33801564AB82}"
EndProject
Global
	GlobalSection(SolutionConfigurationPlatforms) = preSolution
		Debug|Any CPU = Debug|Any CPU
		Release|Any CPU = Release|Any CPU
	EndGlobalSection
	GlobalSection(ProjectConfigurationPlatforms) = postSolution
		{7C1D0583-807B-4E74-BF2D-CFC7DD4285AE}.Debug|Any CPU.ActiveCfg = Debug|Any CPU
		{7C1D0583-807B-4E74-BF2D-CFC7DD4285AE}.Debug|Any CPU.Build.0 = Debug|Any CPU
		{7C1D0583-807B-4E74-BF2D-CFC7DD4285AE}.Release|Any CPU.ActiveCfg = Release|Any CPU
		{7C1D0583-807B-4E74-BF2D-CFC7DD4285AE}.Release|Any CPU.Build.0 = Release|Any CPU
		{AC4C9A58-F725-4004-B676-33801564AB82}.Debug|Any CPU.ActiveCfg = Debug|Any CPU
		{AC4C9A58-F725-4004-B676-33801564AB82}.Debug|Any CPU.Build.0 = Debug|Any CPU
		{AC4C9A58-F725-4004-B676-33801564AB82}.Release|Any CPU.ActiveCfg = Release|Any CPU
		{AC4C9A58-F725-4004-B676-33801564AB82}.Release|Any CPU.Build.0 = Release|Any CPU
	EndGlobalSection
	GlobalSection(SolutionProperties) = preSolution
		HideSolutionNode = FALSE
	EndGlobalSection
	GlobalSection(NestedProjects) = preSolution
		{AC4C9A58-F725-4004-B676-33801564AB82} = {2461C18B-1017-4C6C-8771-E33E37FDFBBD}
	EndGlobalSection
	GlobalSection(ExtensibilityGlobals) = postSolution
		SolutionGuid = {E3DA78F6-1298-47D5-8B11-EF4285AC6A2F}
	EndGlobalSection
	GlobalSection(SubversionScc) = preSolution
		Svn-Managed = True
		Manager = AnkhSVN - Subversion Support for Visual Studio
	EndGlobalSection
EndGlobal
